// !$*UTF8*$!
{
	archiveVersion = 1;
	classes = {
	};
	objectVersion = 56;
	objects = {

/* Begin PBXBuildFile section */
		045ED7C22B5A1974006DA197 /* shader.metal in Sources */ = {isa = PBXBuildFile; fileRef = 045ED7C12B5A1974006DA197 /* shader.metal */; };
		045ED7D22B5BF560006DA197 /* mad_throughput.metal in Sources */ = {isa = PBXBuildFile; fileRef = 045ED7D12B5BF560006DA197 /* mad_throughput.metal */; };
/* End PBXBuildFile section */

/* Begin PBXFileReference section */
		045ED7BE2B5A1974006DA197 /* shader.metallib */ = {isa = PBXFileReference; explicitFileType = "archive.metal-library"; includeInIndex = 0; path = shader.metallib; sourceTree = BUILT_PRODUCTS_DIR; };
		045ED7C12B5A1974006DA197 /* shader.metal */ = {isa = PBXFileReference; lastKnownFileType = sourcecode.metal; path = shader.metal; sourceTree = "<group>"; };
		045ED7C82B5A1FEB006DA197 /* array.h */ = {isa = PBXFileReference; lastKnownFileType = sourcecode.c.h; path = array.h; sourceTree = "<group>"; };
		045ED7C92B5A7F1D006DA197 /* vec.h */ = {isa = PBXFileReference; lastKnownFileType = sourcecode.c.h; path = vec.h; sourceTree = "<group>"; };
		045ED7CA2B5AA386006DA197 /* mat.h */ = {isa = PBXFileReference; lastKnownFileType = sourcecode.c.h; path = mat.h; sourceTree = "<group>"; };
		045ED7CB2B5AA60C006DA197 /* quat.h */ = {isa = PBXFileReference; lastKnownFileType = sourcecode.c.h; path = quat.h; sourceTree = "<group>"; };
		045ED7CC2B5AA752006DA197 /* spatial.h */ = {isa = PBXFileReference; lastKnownFileType = sourcecode.c.h; path = spatial.h; sourceTree = "<group>"; };
		045ED7CD2B5AA899006DA197 /* rand.h */ = {isa = PBXFileReference; lastKnownFileType = sourcecode.c.h; path = rand.h; sourceTree = "<group>"; };
		045ED7CE2B5AA9FB006DA197 /* noise.h */ = {isa = PBXFileReference; lastKnownFileType = sourcecode.c.h; path = noise.h; sourceTree = "<group>"; };
		045ED7CF2B5AAD96006DA197 /* hash_grid.h */ = {isa = PBXFileReference; lastKnownFileType = sourcecode.c.h; path = hash_grid.h; sourceTree = "<group>"; };
		045ED7D12B5BF560006DA197 /* mad_throughput.metal */ = {isa = PBXFileReference; fileEncoding = 4; lastKnownFileType = sourcecode.metal; path = mad_throughput.metal; sourceTree = "<group>"; };
/* End PBXFileReference section */

/* Begin PBXGroup section */
		045ED7B72B5A1974006DA197 = {
			isa = PBXGroup;
			children = (
				045ED7C02B5A1974006DA197 /* shader */,
				045ED7BF2B5A1974006DA197 /* Products */,
			);
			sourceTree = "<group>";
		};
		045ED7BF2B5A1974006DA197 /* Products */ = {
			isa = PBXGroup;
			children = (
				045ED7BE2B5A1974006DA197 /* shader.metallib */,
			);
			name = Products;
			sourceTree = "<group>";
		};
		045ED7C02B5A1974006DA197 /* shader */ = {
			isa = PBXGroup;
			children = (
				045ED7D02B5BF54F006DA197 /* builtin */,
				045ED7C12B5A1974006DA197 /* shader.metal */,
				045ED7C82B5A1FEB006DA197 /* array.h */,
				045ED7C92B5A7F1D006DA197 /* vec.h */,
				045ED7CA2B5AA386006DA197 /* mat.h */,
				045ED7CB2B5AA60C006DA197 /* quat.h */,
				045ED7CC2B5AA752006DA197 /* spatial.h */,
				045ED7CD2B5AA899006DA197 /* rand.h */,
				045ED7CE2B5AA9FB006DA197 /* noise.h */,
				045ED7CF2B5AAD96006DA197 /* hash_grid.h */,
			);
			path = shader;
			sourceTree = "<group>";
		};
		045ED7D02B5BF54F006DA197 /* builtin */ = {
			isa = PBXGroup;
			children = (
				045ED7D12B5BF560006DA197 /* mad_throughput.metal */,
			);
			path = builtin;
			sourceTree = "<group>";
		};
/* End PBXGroup section */

/* Begin PBXNativeTarget section */
		045ED7BD2B5A1974006DA197 /* shader */ = {
			isa = PBXNativeTarget;
			buildConfigurationList = 045ED7C52B5A1974006DA197 /* Build configuration list for PBXNativeTarget "shader" */;
			buildPhases = (
				045ED7BC2B5A1974006DA197 /* Sources */,
			);
			buildRules = (
			);
			dependencies = (
			);
			name = shader;
			productName = shader;
			productReference = 045ED7BE2B5A1974006DA197 /* shader.metallib */;
			productType = "com.apple.product-type.metal-library";
		};
/* End PBXNativeTarget section */

/* Begin PBXProject section */
		045ED7B82B5A1974006DA197 /* Project object */ = {
			isa = PBXProject;
			attributes = {
				BuildIndependentTargetsInParallel = 1;
				LastUpgradeCheck = 1520;
				TargetAttributes = {
					045ED7BD2B5A1974006DA197 = {
						CreatedOnToolsVersion = 15.2;
					};
				};
			};
			buildConfigurationList = 045ED7BB2B5A1974006DA197 /* Build configuration list for PBXProject "shader" */;
			compatibilityVersion = "Xcode 14.0";
			developmentRegion = en;
			hasScannedForEncodings = 0;
			knownRegions = (
				en,
				Base,
			);
			mainGroup = 045ED7B72B5A1974006DA197;
			productRefGroup = 045ED7BF2B5A1974006DA197 /* Products */;
			projectDirPath = "";
			projectRoot = "";
			targets = (
				045ED7BD2B5A1974006DA197 /* shader */,
			);
		};
/* End PBXProject section */

/* Begin PBXSourcesBuildPhase section */
		045ED7BC2B5A1974006DA197 /* Sources */ = {
			isa = PBXSourcesBuildPhase;
			buildActionMask = 2147483647;
			files = (
				045ED7D22B5BF560006DA197 /* mad_throughput.metal in Sources */,
				045ED7C22B5A1974006DA197 /* shader.metal in Sources */,
			);
			runOnlyForDeploymentPostprocessing = 0;
		};
/* End PBXSourcesBuildPhase section */

/* Begin XCBuildConfiguration section */
		045ED7C32B5A1974006DA197 /* Debug */ = {
			isa = XCBuildConfiguration;
			buildSettings = {
				ALWAYS_SEARCH_USER_PATHS = NO;
				MACOSX_DEPLOYMENT_TARGET = 14.2;
				MTL_ENABLE_DEBUG_INFO = INCLUDE_SOURCE;
				MTL_FAST_MATH = YES;
				SDKROOT = macosx;
			};
			name = Debug;
		};
		045ED7C42B5A1974006DA197 /* Release */ = {
			isa = XCBuildConfiguration;
			buildSettings = {
				ALWAYS_SEARCH_USER_PATHS = NO;
				MACOSX_DEPLOYMENT_TARGET = 14.2;
				MTL_ENABLE_DEBUG_INFO = NO;
				MTL_FAST_MATH = YES;
				SDKROOT = macosx;
			};
			name = Release;
		};
		045ED7C62B5A1974006DA197 /* Debug */ = {
			isa = XCBuildConfiguration;
			buildSettings = {
				CODE_SIGN_STYLE = Automatic;
				DEVELOPMENT_TEAM = 4SL5L673UU;
				PRODUCT_NAME = "$(TARGET_NAME)";
			};
			name = Debug;
		};
		045ED7C72B5A1974006DA197 /* Release */ = {
			isa = XCBuildConfiguration;
			buildSettings = {
				CODE_SIGN_STYLE = Automatic;
				DEVELOPMENT_TEAM = 4SL5L673UU;
				PRODUCT_NAME = "$(TARGET_NAME)";
			};
			name = Release;
		};
/* End XCBuildConfiguration section */

/* Begin XCConfigurationList section */
		045ED7BB2B5A1974006DA197 /* Build configuration list for PBXProject "shader" */ = {
			isa = XCConfigurationList;
			buildConfigurations = (
				045ED7C32B5A1974006DA197 /* Debug */,
				045ED7C42B5A1974006DA197 /* Release */,
			);
			defaultConfigurationIsVisible = 0;
			defaultConfigurationName = Release;
		};
		045ED7C52B5A1974006DA197 /* Build configuration list for PBXNativeTarget "shader" */ = {
			isa = XCConfigurationList;
			buildConfigurations = (
				045ED7C62B5A1974006DA197 /* Debug */,
				045ED7C72B5A1974006DA197 /* Release */,
			);
			defaultConfigurationIsVisible = 0;
			defaultConfigurationName = Release;
		};
/* End XCConfigurationList section */
	};
	rootObject = 045ED7B82B5A1974006DA197 /* Project object */;
}
